
Microsoft Visual Studio Solution File, Format Version 12.00
# Visual Studio Version 17
VisualStudioVersion = 17.5.2.0
MinimumVisualStudioVersion = 10.0.40219.1
Project("{FAE04EC0-301F-11D3-BF4B-00C04F79EFBC}") = "InsuranceApi", "InsuranceApi\InsuranceApi.csproj", "{1DC42797-7249-6771-9DC8-827C325A1D25}"
EndProject
Project("{FAE04EC0-301F-11D3-BF4B-00C04F79EFBC}") = "InsuranceApi.Tests", "InsuranceApi.Tests\InsuranceApi.Tests.csproj", "{54CDBE86-81A6-43CF-9493-1034AE3B4C07}"
EndProject
Global
	GlobalSection(SolutionConfigurationPlatforms) = preSolution
		Debug|Any CPU = Debug|Any CPU
		Debug|x64 = Debug|x64
		Debug|x86 = Debug|x86
		Release|Any CPU = Release|Any CPU
		Release|x64 = Release|x64
		Release|x86 = Release|x86
	EndGlobalSection
	GlobalSection(ProjectConfigurationPlatforms) = postSolution
		{1DC42797-7249-6771-9DC8-827C325A1D25}.Debug|Any CPU.ActiveCfg = Debug|Any CPU
		{1DC42797-7249-6771-9DC8-827C325A1D25}.Debug|Any CPU.Build.0 = Debug|Any CPU
		{1DC42797-7249-6771-9DC8-827C325A1D25}.Debug|x64.ActiveCfg = Debug|Any CPU
		{1DC42797-7249-6771-9DC8-827C325A1D25}.Debug|x64.Build.0 = Debug|Any CPU
		{1DC42797-7249-6771-9DC8-827C325A1D25}.Debug|x86.ActiveCfg = Debug|Any CPU
		{1DC42797-7249-6771-9DC8-827C325A1D25}.Debug|x86.Build.0 = Debug|Any CPU
		{1DC42797-7249-6771-9DC8-827C325A1D25}.Release|Any CPU.ActiveCfg = Release|Any CPU
		{1DC42797-7249-6771-9DC8-827C325A1D25}.Release|Any CPU.Build.0 = Release|Any CPU
		{1DC42797-7249-6771-9DC8-827C325A1D25}.Release|x64.ActiveCfg = Release|Any CPU
		{1DC42797-7249-6771-9DC8-827C325A1D25}.Release|x64.Build.0 = Release|Any CPU
		{1DC42797-7249-6771-9DC8-827C325A1D25}.Release|x86.ActiveCfg = Release|Any CPU
		{1DC42797-7249-6771-9DC8-827C325A1D25}.Release|x86.Build.0 = Release|Any CPU
		{54CDBE86-81A6-43CF-9493-1034AE3B4C07}.Debug|Any CPU.ActiveCfg = Debug|Any CPU
		{54CDBE86-81A6-43CF-9493-1034AE3B4C07}.Debug|Any CPU.Build.0 = Debug|Any CPU
		{54CDBE86-81A6-43CF-9493-1034AE3B4C07}.Debug|x64.ActiveCfg = Debug|Any CPU
		{54CDBE86-81A6-43CF-9493-1034AE3B4C07}.Debug|x64.Build.0 = Debug|Any CPU
		{54CDBE86-81A6-43CF-9493-1034AE3B4C07}.Debug|x86.ActiveCfg = Debug|Any CPU
		{54CDBE86-81A6-43CF-9493-1034AE3B4C07}.Debug|x86.Build.0 = Debug|Any CPU
		{54CDBE86-81A6-43CF-9493-1034AE3B4C07}.Release|Any CPU.ActiveCfg = Release|Any CPU
		{54CDBE86-81A6-43CF-9493-1034AE3B4C07}.Release|Any CPU.Build.0 = Release|Any CPU
		{54CDBE86-81A6-43CF-9493-1034AE3B4C07}.Release|x64.ActiveCfg = Release|Any CPU
		{54CDBE86-81A6-43CF-9493-1034AE3B4C07}.Release|x64.Build.0 = Release|Any CPU
		{54CDBE86-81A6-43CF-9493-1034AE3B4C07}.Release|x86.ActiveCfg = Release|Any CPU
		{54CDBE86-81A6-43CF-9493-1034AE3B4C07}.Release|x86.Build.0 = Release|Any CPU
	EndGlobalSection
	GlobalSection(SolutionProperties) = preSolution
		HideSolutionNode = FALSE
	EndGlobalSection
	GlobalSection(ExtensibilityGlobals) = postSolution
		SolutionGuid = {82ABC258-8EE2-4A61-9B9F-07051CE17046}
	EndGlobalSection
EndGlobal
